{
  "requires": true,
  "lockfileVersion": 1,
  "dependencies": {
    "react-adal": {
      "version": "0.5.0",
      "resolved": "https://registry.npmjs.org/react-adal/-/react-adal-0.5.0.tgz",
      "integrity": "sha512-etlKmBwux6vzYbl6hvFSCQkuHMpbE2Qn3MTP2EHz3xtifiP1tRacaIi1QtVlHtcCbt3KDjDTqu2uKZUjiPuyOA=="
    }
  }
}
